
Microsoft Visual Studio Solution File, Format Version 12.00
# Visual Studio Version 17
VisualStudioVersion = 17.3.32929.385
MinimumVisualStudioVersion = 10.0.40219.1
Project("{F184B08F-C81C-45F6-A57F-5ABD9991F28F}") = "ckdlib_v2", "CKDLib\ckdlib_v2.vbproj", "{66A45849-6C2E-4528-AC2D-1B03E34ABBE3}"
EndProject
Project("{FAE04EC0-301F-11D3-BF4B-00C04F79EFBC}") = "CKDSurveillance", "CKDSurveillance\CKDSurveillance.csproj", "{5F40B0EA-6F9F-48C1-AB9A-74AD15D64F13}"
EndProject
Global
	GlobalSection(SolutionConfigurationPlatforms) = preSolution
		_Scan|Any CPU = _Scan|Any CPU
		_Scan|x86 = _Scan|x86
		Debug|Any CPU = Debug|Any CPU
		Debug|x86 = Debug|x86
		DEV Internet|Any CPU = DEV Internet|Any CPU
		DEV Internet|x86 = DEV Internet|x86
		DEV|Any CPU = DEV|Any CPU
		DEV|x86 = DEV|x86
		PROD|Any CPU = PROD|Any CPU
		PROD|x86 = PROD|x86
		QA Internet|Any CPU = QA Internet|Any CPU
		QA Internet|x86 = QA Internet|x86
		QA_SCAN|Any CPU = QA_SCAN|Any CPU
		QA_SCAN|x86 = QA_SCAN|x86
		QA|Any CPU = QA|Any CPU
		QA|x86 = QA|x86
		Release|Any CPU = Release|Any CPU
		Release|x86 = Release|x86
		Scan|Any CPU = Scan|Any CPU
		Scan|x86 = Scan|x86
		VA Scan|Any CPU = VA Scan|Any CPU
		VA Scan|x86 = VA Scan|x86
	EndGlobalSection
	GlobalSection(ProjectConfigurationPlatforms) = postSolution
		{66A45849-6C2E-4528-AC2D-1B03E34ABBE3}._Scan|Any CPU.ActiveCfg = _Scan|Any CPU
		{66A45849-6C2E-4528-AC2D-1B03E34ABBE3}._Scan|Any CPU.Build.0 = _Scan|Any CPU
		{66A45849-6C2E-4528-AC2D-1B03E34ABBE3}._Scan|x86.ActiveCfg = _Scan|x86
		{66A45849-6C2E-4528-AC2D-1B03E34ABBE3}._Scan|x86.Build.0 = _Scan|x86
		{66A45849-6C2E-4528-AC2D-1B03E34ABBE3}.Debug|Any CPU.ActiveCfg = Debug|Any CPU
		{66A45849-6C2E-4528-AC2D-1B03E34ABBE3}.Debug|Any CPU.Build.0 = Debug|Any CPU
		{66A45849-6C2E-4528-AC2D-1B03E34ABBE3}.Debug|x86.ActiveCfg = Debug|x86
		{66A45849-6C2E-4528-AC2D-1B03E34ABBE3}.Debug|x86.Build.0 = Debug|x86
		{66A45849-6C2E-4528-AC2D-1B03E34ABBE3}.DEV Internet|Any CPU.ActiveCfg = DEV Internet|Any CPU
		{66A45849-6C2E-4528-AC2D-1B03E34ABBE3}.DEV Internet|Any CPU.Build.0 = DEV Internet|Any CPU
		{66A45849-6C2E-4528-AC2D-1B03E34ABBE3}.DEV Internet|x86.ActiveCfg = DEV Internet|x86
		{66A45849-6C2E-4528-AC2D-1B03E34ABBE3}.DEV Internet|x86.Build.0 = DEV Internet|x86
		{66A45849-6C2E-4528-AC2D-1B03E34ABBE3}.DEV|Any CPU.ActiveCfg = DEV|Any CPU
		{66A45849-6C2E-4528-AC2D-1B03E34ABBE3}.DEV|Any CPU.Build.0 = DEV|Any CPU
		{66A45849-6C2E-4528-AC2D-1B03E34ABBE3}.DEV|x86.ActiveCfg = DEV|x86
		{66A45849-6C2E-4528-AC2D-1B03E34ABBE3}.DEV|x86.Build.0 = DEV|x86
		{66A45849-6C2E-4528-AC2D-1B03E34ABBE3}.PROD|Any CPU.ActiveCfg = PROD|Any CPU
		{66A45849-6C2E-4528-AC2D-1B03E34ABBE3}.PROD|Any CPU.Build.0 = PROD|Any CPU
		{66A45849-6C2E-4528-AC2D-1B03E34ABBE3}.PROD|x86.ActiveCfg = PROD|x86
		{66A45849-6C2E-4528-AC2D-1B03E34ABBE3}.PROD|x86.Build.0 = PROD|x86
		{66A45849-6C2E-4528-AC2D-1B03E34ABBE3}.QA Internet|Any CPU.ActiveCfg = QA Internet|Any CPU
		{66A45849-6C2E-4528-AC2D-1B03E34ABBE3}.QA Internet|Any CPU.Build.0 = QA Internet|Any CPU
		{66A45849-6C2E-4528-AC2D-1B03E34ABBE3}.QA Internet|x86.ActiveCfg = QA Internet|x86
		{66A45849-6C2E-4528-AC2D-1B03E34ABBE3}.QA Internet|x86.Build.0 = QA Internet|x86
		{66A45849-6C2E-4528-AC2D-1B03E34ABBE3}.QA_SCAN|Any CPU.ActiveCfg = QA_SCAN|Any CPU
		{66A45849-6C2E-4528-AC2D-1B03E34ABBE3}.QA_SCAN|Any CPU.Build.0 = QA_SCAN|Any CPU
		{66A45849-6C2E-4528-AC2D-1B03E34ABBE3}.QA_SCAN|x86.ActiveCfg = QA_SCAN|x86
		{66A45849-6C2E-4528-AC2D-1B03E34ABBE3}.QA_SCAN|x86.Build.0 = QA_SCAN|x86
		{66A45849-6C2E-4528-AC2D-1B03E34ABBE3}.QA|Any CPU.ActiveCfg = QA|Any CPU
		{66A45849-6C2E-4528-AC2D-1B03E34ABBE3}.QA|Any CPU.Build.0 = QA|Any CPU
		{66A45849-6C2E-4528-AC2D-1B03E34ABBE3}.QA|x86.ActiveCfg = QA|x86
		{66A45849-6C2E-4528-AC2D-1B03E34ABBE3}.QA|x86.Build.0 = QA|x86
		{66A45849-6C2E-4528-AC2D-1B03E34ABBE3}.Release|Any CPU.ActiveCfg = Release|Any CPU
		{66A45849-6C2E-4528-AC2D-1B03E34ABBE3}.Release|Any CPU.Build.0 = Release|Any CPU
		{66A45849-6C2E-4528-AC2D-1B03E34ABBE3}.Release|x86.ActiveCfg = Release|x86
		{66A45849-6C2E-4528-AC2D-1B03E34ABBE3}.Release|x86.Build.0 = Release|x86
		{66A45849-6C2E-4528-AC2D-1B03E34ABBE3}.Scan|Any CPU.ActiveCfg = Scan|Any CPU
		{66A45849-6C2E-4528-AC2D-1B03E34ABBE3}.Scan|Any CPU.Build.0 = Scan|Any CPU
		{66A45849-6C2E-4528-AC2D-1B03E34ABBE3}.Scan|x86.ActiveCfg = Scan|x86
		{66A45849-6C2E-4528-AC2D-1B03E34ABBE3}.Scan|x86.Build.0 = Scan|x86
		{66A45849-6C2E-4528-AC2D-1B03E34ABBE3}.VA Scan|Any CPU.ActiveCfg = VA Scan|Any CPU
		{66A45849-6C2E-4528-AC2D-1B03E34ABBE3}.VA Scan|Any CPU.Build.0 = VA Scan|Any CPU
		{66A45849-6C2E-4528-AC2D-1B03E34ABBE3}.VA Scan|x86.ActiveCfg = VA Scan|x86
		{66A45849-6C2E-4528-AC2D-1B03E34ABBE3}.VA Scan|x86.Build.0 = VA Scan|x86
		{5F40B0EA-6F9F-48C1-AB9A-74AD15D64F13}._Scan|Any CPU.ActiveCfg = _Scan|Any CPU
		{5F40B0EA-6F9F-48C1-AB9A-74AD15D64F13}._Scan|Any CPU.Build.0 = _Scan|Any CPU
		{5F40B0EA-6F9F-48C1-AB9A-74AD15D64F13}._Scan|x86.ActiveCfg = _Scan|Any CPU
		{5F40B0EA-6F9F-48C1-AB9A-74AD15D64F13}._Scan|x86.Build.0 = _Scan|Any CPU
		{5F40B0EA-6F9F-48C1-AB9A-74AD15D64F13}.Debug|Any CPU.ActiveCfg = Debug|Any CPU
		{5F40B0EA-6F9F-48C1-AB9A-74AD15D64F13}.Debug|Any CPU.Build.0 = Debug|Any CPU
		{5F40B0EA-6F9F-48C1-AB9A-74AD15D64F13}.Debug|x86.ActiveCfg = Debug|Any CPU
		{5F40B0EA-6F9F-48C1-AB9A-74AD15D64F13}.Debug|x86.Build.0 = Debug|Any CPU
		{5F40B0EA-6F9F-48C1-AB9A-74AD15D64F13}.DEV Internet|Any CPU.ActiveCfg = DEV Internet|Any CPU
		{5F40B0EA-6F9F-48C1-AB9A-74AD15D64F13}.DEV Internet|Any CPU.Build.0 = DEV Internet|Any CPU
		{5F40B0EA-6F9F-48C1-AB9A-74AD15D64F13}.DEV Internet|x86.ActiveCfg = DEV Internet|Any CPU
		{5F40B0EA-6F9F-48C1-AB9A-74AD15D64F13}.DEV Internet|x86.Build.0 = DEV Internet|Any CPU
		{5F40B0EA-6F9F-48C1-AB9A-74AD15D64F13}.DEV|Any CPU.ActiveCfg = DEV|Any CPU
		{5F40B0EA-6F9F-48C1-AB9A-74AD15D64F13}.DEV|Any CPU.Build.0 = DEV|Any CPU
		{5F40B0EA-6F9F-48C1-AB9A-74AD15D64F13}.DEV|x86.ActiveCfg = DEV|Any CPU
		{5F40B0EA-6F9F-48C1-AB9A-74AD15D64F13}.DEV|x86.Build.0 = DEV|Any CPU
		{5F40B0EA-6F9F-48C1-AB9A-74AD15D64F13}.PROD|Any CPU.ActiveCfg = PROD|Any CPU
		{5F40B0EA-6F9F-48C1-AB9A-74AD15D64F13}.PROD|Any CPU.Build.0 = PROD|Any CPU
		{5F40B0EA-6F9F-48C1-AB9A-74AD15D64F13}.PROD|x86.ActiveCfg = PROD|Any CPU
		{5F40B0EA-6F9F-48C1-AB9A-74AD15D64F13}.PROD|x86.Build.0 = PROD|Any CPU
		{5F40B0EA-6F9F-48C1-AB9A-74AD15D64F13}.QA Internet|Any CPU.ActiveCfg = QA Internet|Any CPU
		{5F40B0EA-6F9F-48C1-AB9A-74AD15D64F13}.QA Internet|Any CPU.Build.0 = QA Internet|Any CPU
		{5F40B0EA-6F9F-48C1-AB9A-74AD15D64F13}.QA Internet|x86.ActiveCfg = QA Internet|Any CPU
		{5F40B0EA-6F9F-48C1-AB9A-74AD15D64F13}.QA Internet|x86.Build.0 = QA Internet|Any CPU
		{5F40B0EA-6F9F-48C1-AB9A-74AD15D64F13}.QA_SCAN|Any CPU.ActiveCfg = QA_SCAN|Any CPU
		{5F40B0EA-6F9F-48C1-AB9A-74AD15D64F13}.QA_SCAN|Any CPU.Build.0 = QA_SCAN|Any CPU
		{5F40B0EA-6F9F-48C1-AB9A-74AD15D64F13}.QA_SCAN|x86.ActiveCfg = QA_SCAN|Any CPU
		{5F40B0EA-6F9F-48C1-AB9A-74AD15D64F13}.QA_SCAN|x86.Build.0 = QA_SCAN|Any CPU
		{5F40B0EA-6F9F-48C1-AB9A-74AD15D64F13}.QA|Any CPU.ActiveCfg = QA|Any CPU
		{5F40B0EA-6F9F-48C1-AB9A-74AD15D64F13}.QA|Any CPU.Build.0 = QA|Any CPU
		{5F40B0EA-6F9F-48C1-AB9A-74AD15D64F13}.QA|x86.ActiveCfg = QA|Any CPU
		{5F40B0EA-6F9F-48C1-AB9A-74AD15D64F13}.QA|x86.Build.0 = QA|Any CPU
		{5F40B0EA-6F9F-48C1-AB9A-74AD15D64F13}.Release|Any CPU.ActiveCfg = Release|Any CPU
		{5F40B0EA-6F9F-48C1-AB9A-74AD15D64F13}.Release|Any CPU.Build.0 = Release|Any CPU
		{5F40B0EA-6F9F-48C1-AB9A-74AD15D64F13}.Release|x86.ActiveCfg = Release|Any CPU
		{5F40B0EA-6F9F-48C1-AB9A-74AD15D64F13}.Release|x86.Build.0 = Release|Any CPU
		{5F40B0EA-6F9F-48C1-AB9A-74AD15D64F13}.Scan|Any CPU.ActiveCfg = Scan|Any CPU
		{5F40B0EA-6F9F-48C1-AB9A-74AD15D64F13}.Scan|Any CPU.Build.0 = Scan|Any CPU
		{5F40B0EA-6F9F-48C1-AB9A-74AD15D64F13}.Scan|x86.ActiveCfg = Scan|Any CPU
		{5F40B0EA-6F9F-48C1-AB9A-74AD15D64F13}.Scan|x86.Build.0 = Scan|Any CPU
		{5F40B0EA-6F9F-48C1-AB9A-74AD15D64F13}.VA Scan|Any CPU.ActiveCfg = VA Scan|Any CPU
		{5F40B0EA-6F9F-48C1-AB9A-74AD15D64F13}.VA Scan|Any CPU.Build.0 = VA Scan|Any CPU
		{5F40B0EA-6F9F-48C1-AB9A-74AD15D64F13}.VA Scan|x86.ActiveCfg = VA Scan|Any CPU
		{5F40B0EA-6F9F-48C1-AB9A-74AD15D64F13}.VA Scan|x86.Build.0 = VA Scan|Any CPU
	EndGlobalSection
	GlobalSection(SolutionProperties) = preSolution
		HideSolutionNode = FALSE
	EndGlobalSection
	GlobalSection(ExtensibilityGlobals) = postSolution
		SolutionGuid = {3485630D-0AA9-44F6-A41D-1B03CB67A35C}
	EndGlobalSection
EndGlobal
